
Microsoft Visual Studio Solution File, Format Version 12.00
Project("{FAE04EC0-301F-11D3-BF4B-00C04F79EFBC}") = "TreeNodeException.Api", "TreeNodeException.Api\TreeNodeException.Api.csproj", "{F696DA7A-581A-43D9-A71F-CEC283A00D33}"
EndProject
Project("{2150E333-8FDC-42A3-9474-1A3956D46DE8}") = "Infra", "Infra", "{C3C3E9F4-8AB0-43F3-8300-51FD12F5A8BE}"
	ProjectSection(SolutionItems) = preProject
		..\docker-compose.yml = ..\docker-compose.yml
		..\README.md = ..\README.md
		..\run.ps1 = ..\run.ps1
	EndProjectSection
EndProject
Global
	GlobalSection(SolutionConfigurationPlatforms) = preSolution
		Debug|Any CPU = Debug|Any CPU
		Release|Any CPU = Release|Any CPU
	EndGlobalSection
	GlobalSection(ProjectConfigurationPlatforms) = postSolution
		{F696DA7A-581A-43D9-A71F-CEC283A00D33}.Debug|Any CPU.ActiveCfg = Debug|Any CPU
		{F696DA7A-581A-43D9-A71F-CEC283A00D33}.Debug|Any CPU.Build.0 = Debug|Any CPU
		{F696DA7A-581A-43D9-A71F-CEC283A00D33}.Release|Any CPU.ActiveCfg = Release|Any CPU
		{F696DA7A-581A-43D9-A71F-CEC283A00D33}.Release|Any CPU.Build.0 = Release|Any CPU
	EndGlobalSection
EndGlobal
